
Microsoft Visual Studio Solution File, Format Version 11.00
# Visual Studio 2010
Project("{FAE04EC0-301F-11D3-BF4B-00C04F79EFBC}") = "Assembly-CSharp", "Assembly-CSharp.csproj", "{731558D6-4780-5E0F-F115-A18A8F3D5FCA}"
EndProject
Global
	GlobalSection(SolutionConfigurationPlatforms) = preSolution
		Debug|Any CPU = Debug|Any CPU
		Release|Any CPU = Release|Any CPU
	EndGlobalSection
	GlobalSection(ProjectConfigurationPlatforms) = postSolution
		{731558D6-4780-5E0F-F115-A18A8F3D5FCA}.Debug|Any CPU.ActiveCfg = Debug|Any CPU
		{731558D6-4780-5E0F-F115-A18A8F3D5FCA}.Debug|Any CPU.Build.0 = Debug|Any CPU
		{731558D6-4780-5E0F-F115-A18A8F3D5FCA}.Release|Any CPU.ActiveCfg = Release|Any CPU
		{731558D6-4780-5E0F-F115-A18A8F3D5FCA}.Release|Any CPU.Build.0 = Release|Any CPU
	EndGlobalSection
	GlobalSection(SolutionProperties) = preSolution
		HideSolutionNode = FALSE
	EndGlobalSection
EndGlobal
